
Microsoft Visual Studio Solution File, Format Version 12.00
# Visual Studio Version 17
VisualStudioVersion = 17.14.36301.6 d17.14
MinimumVisualStudioVersion = 10.0.40219.1
Project("{FAE04EC0-301F-11D3-BF4B-00C04F79EFBC}") = "conseat", "conseat\conseat.csproj", "{3DD8C38C-DDA5-4F8C-9B2E-DDCE203E6BED}"
EndProject
Global
	GlobalSection(SolutionConfigurationPlatforms) = preSolution
		Debug|Any CPU = Debug|Any CPU
		Release|Any CPU = Release|Any CPU
	EndGlobalSection
	GlobalSection(ProjectConfigurationPlatforms) = postSolution
		{3DD8C38C-DDA5-4F8C-9B2E-DDCE203E6BED}.Debug|Any CPU.ActiveCfg = Debug|Any CPU
		{3DD8C38C-DDA5-4F8C-9B2E-DDCE203E6BED}.Debug|Any CPU.Build.0 = Debug|Any CPU
		{3DD8C38C-DDA5-4F8C-9B2E-DDCE203E6BED}.Release|Any CPU.ActiveCfg = Release|Any CPU
		{3DD8C38C-DDA5-4F8C-9B2E-DDCE203E6BED}.Release|Any CPU.Build.0 = Release|Any CPU
	EndGlobalSection
	GlobalSection(SolutionProperties) = preSolution
		HideSolutionNode = FALSE
	EndGlobalSection
	GlobalSection(ExtensibilityGlobals) = postSolution
		SolutionGuid = {A7BD4A2D-99DB-48C0-8883-7C40B581A0CD}
	EndGlobalSection
EndGlobal
